
Microsoft Visual Studio Solution File, Format Version 12.00
# Visual Studio Version 17
VisualStudioVersion = 17.3.32901.215
MinimumVisualStudioVersion = 10.0.40219.1
Project("{FAE04EC0-301F-11D3-BF4B-00C04F79EFBC}") = "CountryReader", "CountryReader\CountryReader.csproj", "{CC0671E2-DB02-473E-B50D-23D1D2CDBFBD}"
EndProject
Global
	GlobalSection(SolutionConfigurationPlatforms) = preSolution
		Debug|Any CPU = Debug|Any CPU
		Release|Any CPU = Release|Any CPU
	EndGlobalSection
	GlobalSection(ProjectConfigurationPlatforms) = postSolution
		{CC0671E2-DB02-473E-B50D-23D1D2CDBFBD}.Debug|Any CPU.ActiveCfg = Debug|Any CPU
		{CC0671E2-DB02-473E-B50D-23D1D2CDBFBD}.Debug|Any CPU.Build.0 = Debug|Any CPU
		{CC0671E2-DB02-473E-B50D-23D1D2CDBFBD}.Release|Any CPU.ActiveCfg = Release|Any CPU
		{CC0671E2-DB02-473E-B50D-23D1D2CDBFBD}.Release|Any CPU.Build.0 = Release|Any CPU
	EndGlobalSection
	GlobalSection(SolutionProperties) = preSolution
		HideSolutionNode = FALSE
	EndGlobalSection
	GlobalSection(ExtensibilityGlobals) = postSolution
		SolutionGuid = {F4F6E60C-72CE-4F55-ABF0-03A1E8239087}
	EndGlobalSection
EndGlobal
